
Microsoft Visual Studio Solution File, Format Version 12.00
# Visual Studio Version 16
VisualStudioVersion = 16.0.31729.503
MinimumVisualStudioVersion = 10.0.40219.1
Project("{FAE04EC0-301F-11D3-BF4B-00C04F79EFBC}") = "AutoLotDALCore", "AutoLotDALCore\AutoLotDALCore.csproj", "{FEF0D517-E994-4980-976A-D853C8D3560B}"
EndProject
Project("{FAE04EC0-301F-11D3-BF4B-00C04F79EFBC}") = "AutoLotDALCore.Models", "AutoLotDALCore.Models\AutoLotDALCore.Models.csproj", "{96FC87E4-D0F8-4F41-9EC1-5F35198AE0A4}"
EndProject
Project("{FAE04EC0-301F-11D3-BF4B-00C04F79EFBC}") = "AutoLotDALCore.TestDriver", "AutoLotDALCore.TestDriver\AutoLotDALCore.TestDriver.csproj", "{8EDECC12-7A43-41EF-BBC0-1ACC874756C4}"
EndProject
Global
	GlobalSection(SolutionConfigurationPlatforms) = preSolution
		Debug|Any CPU = Debug|Any CPU
		Release|Any CPU = Release|Any CPU
	EndGlobalSection
	GlobalSection(ProjectConfigurationPlatforms) = postSolution
		{FEF0D517-E994-4980-976A-D853C8D3560B}.Debug|Any CPU.ActiveCfg = Debug|Any CPU
		{FEF0D517-E994-4980-976A-D853C8D3560B}.Debug|Any CPU.Build.0 = Debug|Any CPU
		{FEF0D517-E994-4980-976A-D853C8D3560B}.Release|Any CPU.ActiveCfg = Release|Any CPU
		{FEF0D517-E994-4980-976A-D853C8D3560B}.Release|Any CPU.Build.0 = Release|Any CPU
		{96FC87E4-D0F8-4F41-9EC1-5F35198AE0A4}.Debug|Any CPU.ActiveCfg = Debug|Any CPU
		{96FC87E4-D0F8-4F41-9EC1-5F35198AE0A4}.Debug|Any CPU.Build.0 = Debug|Any CPU
		{96FC87E4-D0F8-4F41-9EC1-5F35198AE0A4}.Release|Any CPU.ActiveCfg = Release|Any CPU
		{96FC87E4-D0F8-4F41-9EC1-5F35198AE0A4}.Release|Any CPU.Build.0 = Release|Any CPU
		{8EDECC12-7A43-41EF-BBC0-1ACC874756C4}.Debug|Any CPU.ActiveCfg = Debug|Any CPU
		{8EDECC12-7A43-41EF-BBC0-1ACC874756C4}.Debug|Any CPU.Build.0 = Debug|Any CPU
		{8EDECC12-7A43-41EF-BBC0-1ACC874756C4}.Release|Any CPU.ActiveCfg = Release|Any CPU
		{8EDECC12-7A43-41EF-BBC0-1ACC874756C4}.Release|Any CPU.Build.0 = Release|Any CPU
	EndGlobalSection
	GlobalSection(SolutionProperties) = preSolution
		HideSolutionNode = FALSE
	EndGlobalSection
	GlobalSection(ExtensibilityGlobals) = postSolution
		SolutionGuid = {A4CD768F-EDD4-4C7E-B1A2-47C2BC3E6629}
	EndGlobalSection
EndGlobal
